{
    "name": "xgmbot",
    "version": "1.0.0",
    "lockfileVersion": 1,
    "requires": true,
    "dependencies": {
        "@types/geojson": {
            "version": "7946.0.7",
            "resolved": "https://registry.npmjs.org/@types/geojson/-/geojson-7946.0.7.tgz",
            "integrity": "sha512-wE2v81i4C4Ol09RtsWFAqg3BUitWbHSpSlIo+bNdsCJijO9sjme+zm+73ZMCa/qMC8UEERxzGbvmr1cffo2SiQ=="
        },
        "@types/node": {
            "version": "11.13.20",
            "resolved": "https://registry.npmjs.org/@types/node/-/node-11.13.20.tgz",
            "integrity": "sha512-JE0UpLWZTV1sGcaj0hN+Q0760OEjpgyFJ06DOMVW6qKBducKdJQaIw0TGL6ccj7VXRduIOHLWQi+tHwulZJHVQ=="
        },
        "any-promise": {
            "version": "1.3.0",
            "resolved": "https://registry.npmjs.org/any-promise/-/any-promise-1.3.0.tgz",
            "integrity": "sha1-q8av7tzqUugJzcA3au0845Y10X8="
        },
        "async": {
            "version": "0.2.10",
            "resolved": "https://registry.npmjs.org/async/-/async-0.2.10.tgz",
            "integrity": "sha1-trvgsGdLnXGXCMo43owjfLUmw9E="
        },
        "async-limiter": {
            "version": "1.0.0",
            "resolved": "https://registry.npmjs.org/async-limiter/-/async-limiter-1.0.0.tgz",
            "integrity": "sha512-jp/uFnooOiO+L211eZOoSyzpOITMXx1rBITauYykG3BRYPu8h0UcxsPNB04RR5vo4Tyz3+ay17tR6JVf9qzYWg=="
        },
        "binary-search-tree": {
            "version": "0.2.5",
            "resolved": "https://registry.npmjs.org/binary-search-tree/-/binary-search-tree-0.2.5.tgz",
            "integrity": "sha1-fbs7IQ/coIJFDa0jNMMErzm9x4Q=",
            "requires": {
                "underscore": "~1.4.4"
            }
        },
        "denque": {
            "version": "1.4.1",
            "resolved": "https://registry.npmjs.org/denque/-/denque-1.4.1.tgz",
            "integrity": "sha512-OfzPuSZKGcgr96rf1oODnfjqBFmr1DVoc/TrItj3Ohe0Ah1C5WX5Baquw/9U9KovnQ88EqmJbD66rKYUQYN1tQ=="
        },
        "discord.js": {
            "version": "11.5.1",
            "resolved": "https://registry.npmjs.org/discord.js/-/discord.js-11.5.1.tgz",
            "integrity": "sha512-tGhV5xaZXE3Z+4uXJb3hYM6gQ1NmnSxp9PClcsSAYFVRzH6AJH74040mO3afPDMWEAlj8XsoPXXTJHTxesqcGw==",
            "requires": {
                "long": "^4.0.0",
                "prism-media": "^0.0.3",
                "snekfetch": "^3.6.4",
                "tweetnacl": "^1.0.0",
                "ws": "^6.0.0"
            }
        },
        "fast-xml-parser": {
            "version": "3.12.20",
            "resolved": "https://registry.npmjs.org/fast-xml-parser/-/fast-xml-parser-3.12.20.tgz",
            "integrity": "sha512-viadHdefuuqkyJWUhF2r2Ymb5LJ0T7uQhzSRv4OZzYxpoPQnY05KtaX0pLkolabD7tLzIE8q/OytIAEhqPyYbw==",
            "requires": {
                "nimnjs": "^1.3.2"
            }
        },
        "iconv-lite": {
            "version": "0.4.24",
            "resolved": "https://registry.npmjs.org/iconv-lite/-/iconv-lite-0.4.24.tgz",
            "integrity": "sha512-v3MXnZAcvnywkTUEZomIActle7RXXeedOR31wwl7VlyoXO4Qi9arvSenNQWne1TcRwhCL1HwLI21bEqdpj8/rA==",
            "requires": {
                "safer-buffer": ">= 2.1.2 < 3"
            }
        },
        "immediate": {
            "version": "3.0.6",
            "resolved": "https://registry.npmjs.org/immediate/-/immediate-3.0.6.tgz",
            "integrity": "sha1-nbHb0Pr43m++D13V5Wu2BigN5ps="
        },
        "lie": {
            "version": "3.1.1",
            "resolved": "https://registry.npmjs.org/lie/-/lie-3.1.1.tgz",
            "integrity": "sha1-mkNrLMd0bKWd56QfpGmz77dr2H4=",
            "requires": {
                "immediate": "~3.0.5"
            }
        },
        "localforage": {
            "version": "1.7.3",
            "resolved": "https://registry.npmjs.org/localforage/-/localforage-1.7.3.tgz",
            "integrity": "sha512-1TulyYfc4udS7ECSBT2vwJksWbkwwTX8BzeUIiq8Y07Riy7bDAAnxDaPU/tWyOVmQAcWJIEIFP9lPfBGqVoPgQ==",
            "requires": {
                "lie": "3.1.1"
            }
        },
        "long": {
            "version": "4.0.0",
            "resolved": "https://registry.npmjs.org/long/-/long-4.0.0.tgz",
            "integrity": "sha512-XsP+KhQif4bjX1kbuSiySJFNAehNxgLb6hPRGJ9QsUr8ajHkuXGdrHmFUTUUXhDwVX2R5bY4JNZEwbUiMhV+MA=="
        },
        "mariadb": {
            "version": "2.1.0",
            "resolved": "https://registry.npmjs.org/mariadb/-/mariadb-2.1.0.tgz",
            "integrity": "sha512-ByA3hi0InQeZxg3S1lSLznz7kB9zjahPx/BrVqr/ELM1XUqE5dXCNqHPqFebC73iOX8G7ovprODf+E9LjClkEQ==",
            "requires": {
                "@types/geojson": "^7946.0.7",
                "@types/node": "^11.13.15",
                "denque": "^1.4.0",
                "iconv-lite": "^0.4.24",
                "long": "^4.0.0",
                "moment-timezone": "^0.5.25"
            }
        },
        "minimist": {
            "version": "0.0.8",
            "resolved": "https://registry.npmjs.org/minimist/-/minimist-0.0.8.tgz",
            "integrity": "sha1-hX/Kv8M5fSYluCKCYuhqp6ARsF0="
        },
        "mkdirp": {
            "version": "0.5.1",
            "resolved": "https://registry.npmjs.org/mkdirp/-/mkdirp-0.5.1.tgz",
            "integrity": "sha1-MAV0OOrGz3+MR2fzhkjWaX11yQM=",
            "requires": {
                "minimist": "0.0.8"
            }
        },
        "moment": {
            "version": "2.24.0",
            "resolved": "https://registry.npmjs.org/moment/-/moment-2.24.0.tgz",
            "integrity": "sha512-bV7f+6l2QigeBBZSM/6yTNq4P2fNpSWj/0e7jQcy87A8e7o2nAfP/34/2ky5Vw4B9S446EtIhodAzkFCcR4dQg=="
        },
        "moment-timezone": {
            "version": "0.5.26",
            "resolved": "https://registry.npmjs.org/moment-timezone/-/moment-timezone-0.5.26.tgz",
            "integrity": "sha512-sFP4cgEKTCymBBKgoxZjYzlSovC20Y6J7y3nanDc5RoBIXKlZhoYwBoZGe3flwU6A372AcRwScH8KiwV6zjy1g==",
            "requires": {
                "moment": ">= 2.9.0"
            }
        },
        "nedb": {
            "version": "1.8.0",
            "resolved": "https://registry.npmjs.org/nedb/-/nedb-1.8.0.tgz",
            "integrity": "sha1-DjUCzYLABNU1WkPJ5VV3vXvZHYg=",
            "requires": {
                "async": "0.2.10",
                "binary-search-tree": "0.2.5",
                "localforage": "^1.3.0",
                "mkdirp": "~0.5.1",
                "underscore": "~1.4.4"
            }
        },
        "nedb-promise": {
            "version": "2.0.1",
            "resolved": "https://registry.npmjs.org/nedb-promise/-/nedb-promise-2.0.1.tgz",
            "integrity": "sha1-g5suSQlxb99pUAt/aLK4ciWCzWU=",
            "requires": {
                "nedb": "^1.8.0",
                "thenify": "^3.2.0"
            }
        },
        "nimn-date-parser": {
            "version": "1.0.0",
            "resolved": "https://registry.npmjs.org/nimn-date-parser/-/nimn-date-parser-1.0.0.tgz",
            "integrity": "sha512-1Nf+x3EeMvHUiHsVuEhiZnwA8RMeOBVTQWfB1S2n9+i6PYCofHd2HRMD+WOHIHYshy4T4Gk8wQoCol7Hq3av8Q=="
        },
        "nimn_schema_builder": {
            "version": "1.1.0",
            "resolved": "https://registry.npmjs.org/nimn_schema_builder/-/nimn_schema_builder-1.1.0.tgz",
            "integrity": "sha512-DK5/B8CM4qwzG2URy130avcwPev4uO0ev836FbQyKo1ms6I9z/i6EJyiZ+d9xtgloxUri0W+5gfR8YbPq7SheA=="
        },
        "nimnjs": {
            "version": "1.3.2",
            "resolved": "https://registry.npmjs.org/nimnjs/-/nimnjs-1.3.2.tgz",
            "integrity": "sha512-TIOtI4iqkQrUM1tiM76AtTQem0c7e56SkDZ7sj1d1MfUsqRcq2ZWQvej/O+HBTZV7u/VKnwlKTDugK/75IRPPw==",
            "requires": {
                "nimn-date-parser": "^1.0.0",
                "nimn_schema_builder": "^1.0.0"
            }
        },
        "prism-media": {
            "version": "0.0.3",
            "resolved": "https://registry.npmjs.org/prism-media/-/prism-media-0.0.3.tgz",
            "integrity": "sha512-c9KkNifSMU/iXT8FFTaBwBMr+rdVcN+H/uNv1o+CuFeTThNZNTOrQ+RgXA1yL/DeLk098duAeRPP3QNPNbhxYQ=="
        },
        "safer-buffer": {
            "version": "2.1.2",
            "resolved": "https://registry.npmjs.org/safer-buffer/-/safer-buffer-2.1.2.tgz",
            "integrity": "sha512-YZo3K82SD7Riyi0E1EQPojLz7kpepnSQI9IyPbHHg1XXXevb5dJI7tpyN2ADxGcQbHG7vcyRHk0cbwqcQriUtg=="
        },
        "snekfetch": {
            "version": "3.6.4",
            "resolved": "https://registry.npmjs.org/snekfetch/-/snekfetch-3.6.4.tgz",
            "integrity": "sha512-NjxjITIj04Ffqid5lqr7XdgwM7X61c/Dns073Ly170bPQHLm6jkmelye/eglS++1nfTWktpP6Y2bFXjdPlQqdw=="
        },
        "thenify": {
            "version": "3.3.0",
            "resolved": "https://registry.npmjs.org/thenify/-/thenify-3.3.0.tgz",
            "integrity": "sha1-5p44obq+lpsBCCB5eLn2K4hgSDk=",
            "requires": {
                "any-promise": "^1.0.0"
            }
        },
        "tweetnacl": {
            "version": "1.0.1",
            "resolved": "https://registry.npmjs.org/tweetnacl/-/tweetnacl-1.0.1.tgz",
            "integrity": "sha512-kcoMoKTPYnoeS50tzoqjPY3Uv9axeuuFAZY9M/9zFnhoVvRfxz9K29IMPD7jGmt2c8SW7i3gT9WqDl2+nV7p4A=="
        },
        "underscore": {
            "version": "1.4.4",
            "resolved": "https://registry.npmjs.org/underscore/-/underscore-1.4.4.tgz",
            "integrity": "sha1-YaajIBBiKvoHljvzJSA88SI51gQ="
        },
        "ws": {
            "version": "6.2.1",
            "resolved": "https://registry.npmjs.org/ws/-/ws-6.2.1.tgz",
            "integrity": "sha512-GIyAXC2cB7LjvpgMt9EKS2ldqr0MTrORaleiOno6TweZ6r3TKtoFQWay/2PceJ3RuBasOHzXNn5Lrw1X0bEjqA==",
            "requires": {
                "async-limiter": "~1.0.0"
            }
        }
    }
}
